
Microsoft Visual Studio Solution File, Format Version 12.00
# Visual Studio 15
VisualStudioVersion = 15.0.28307.572
MinimumVisualStudioVersion = 10.0.40219.1
Project("{FAE04EC0-301F-11D3-BF4B-00C04F79EFBC}") = "SaveToExcelApi", "SaveToExcelApi\SaveToExcelApi.csproj", "{65805F3A-3482-4C6E-A228-B9580482E73B}"
EndProject
Project("{FAE04EC0-301F-11D3-BF4B-00C04F79EFBC}") = "DataAccess", "DataAccess\DataAccess.csproj", "{48C72F65-20D3-4CED-9B23-D91448716069}"
EndProject
Global
	GlobalSection(SolutionConfigurationPlatforms) = preSolution
		Debug|Any CPU = Debug|Any CPU
		Release|Any CPU = Release|Any CPU
	EndGlobalSection
	GlobalSection(ProjectConfigurationPlatforms) = postSolution
		{65805F3A-3482-4C6E-A228-B9580482E73B}.Debug|Any CPU.ActiveCfg = Debug|Any CPU
		{65805F3A-3482-4C6E-A228-B9580482E73B}.Debug|Any CPU.Build.0 = Debug|Any CPU
		{65805F3A-3482-4C6E-A228-B9580482E73B}.Release|Any CPU.ActiveCfg = Release|Any CPU
		{65805F3A-3482-4C6E-A228-B9580482E73B}.Release|Any CPU.Build.0 = Release|Any CPU
		{48C72F65-20D3-4CED-9B23-D91448716069}.Debug|Any CPU.ActiveCfg = Debug|Any CPU
		{48C72F65-20D3-4CED-9B23-D91448716069}.Debug|Any CPU.Build.0 = Debug|Any CPU
		{48C72F65-20D3-4CED-9B23-D91448716069}.Release|Any CPU.ActiveCfg = Release|Any CPU
		{48C72F65-20D3-4CED-9B23-D91448716069}.Release|Any CPU.Build.0 = Release|Any CPU
	EndGlobalSection
	GlobalSection(SolutionProperties) = preSolution
		HideSolutionNode = FALSE
	EndGlobalSection
	GlobalSection(ExtensibilityGlobals) = postSolution
		SolutionGuid = {96A544FC-6ACC-43A2-85E5-2A6B40E13E5C}
	EndGlobalSection
EndGlobal
